{
  "version": 1,
  "dependencies": {
    "net9.0": {
      "Microsoft.AspNetCore.Authentication.JwtBearer": {
        "type": "Direct",
        "requested": "[6.0.0, )",
        "resolved": "6.0.0",
        "contentHash": "eIhpX25uUn33Ornnh718V2G/nESvk3TNX2FjTarv634GLfE50Fhz2geJ/QYpSmFaUIQ1hkZPfd9i0LcpZ9bfLQ==",
        "dependencies": {
          "Microsoft.IdentityModel.Protocols.OpenIdConnect": "6.10.0"
        }
      },
      "Newtonsoft.Json": {
        "type": "Direct",
        "requested": "[13.0.1, )",
        "resolved": "13.0.1",
        "contentHash": "ppPFpBcvxdsfUonNcvITKqLl3bqxWbDCZIzDWHzjpdAHRFfZe0Dw9HmA0+za13IdyrgJwpkDTDA9fHaxOrt20A=="
      },
      "System.Drawing.Common": {
        "type": "Direct",
        "requested": "[5.0.0, )",
        "resolved": "5.0.0",
        "contentHash": "SztFwAnpfKC8+sEKXAFxCBWhKQaEd97EiOL7oZJZP56zbqnLpmxACWA8aGseaUExciuEAUuR9dY8f7HkTRAdnw==",
        "dependencies": {
          "Microsoft.Win32.SystemEvents": "5.0.0"
        }
      },
      "System.Text.RegularExpressions": {
        "type": "Direct",
        "requested": "[4.3.0, )",
        "resolved": "4.3.0",
        "contentHash": "RpT2DA+L660cBt1FssIE9CAGpLFdFPuheB7pLpKpn6ZXNby7jDERe8Ua/Ne2xGiwLVG2JOqziiaVCGDon5sKFA==",
        "dependencies": {
          "System.Runtime": "4.3.0"
        }
      },
      "Microsoft.CSharp": {
        "type": "Transitive",
        "resolved": "4.5.0",
        "contentHash": "kaj6Wb4qoMuH3HySFJhxwQfe8R/sJsNJnANrvv8WdFPMoNbKY5htfNscv+LHCu5ipz+49m2e+WQXpLXr9XYemQ=="
      },
      "Microsoft.IdentityModel.JsonWebTokens": {
        "type": "Transitive",
        "resolved": "6.10.0",
        "contentHash": "0qjS31rN1MQTc46tAYbzmMTSRfdV5ndZxSjYxIGqKSidd4wpNJfNII/pdhU5Fx8olarQoKL9lqqYw4yNOIwT0Q==",
        "dependencies": {
          "Microsoft.IdentityModel.Tokens": "6.10.0"
        }
      },
      "Microsoft.IdentityModel.Logging": {
        "type": "Transitive",
        "resolved": "6.10.0",
        "contentHash": "zbcwV6esnNzhZZ/VP87dji6VrUBLB5rxnZBkDMqNYpyG+nrBnBsbm4PUYLCBMUflHCM9EMLDG0rLnqqT+l0ldA=="
      },
      "Microsoft.IdentityModel.Protocols": {
        "type": "Transitive",
        "resolved": "6.10.0",
        "contentHash": "DFyXD0xylP+DknCT3hzJ7q/Q5qRNu0hO/gCU90O0ATdR0twZmlcuY9RNYaaDofXKVbzcShYNCFCGle2G/o8mkg==",
        "dependencies": {
          "Microsoft.IdentityModel.Logging": "6.10.0",
          "Microsoft.IdentityModel.Tokens": "6.10.0"
        }
      },
      "Microsoft.IdentityModel.Protocols.OpenIdConnect": {
        "type": "Transitive",
        "resolved": "6.10.0",
        "contentHash": "LVvMXAWPbPeEWTylDrxunlHH2wFyE4Mv0L4gZrJHC4HTESbWHquKZb/y/S8jgiQEDycOP0PDQvbG4RR/tr2TVQ==",
        "dependencies": {
          "Microsoft.IdentityModel.Protocols": "6.10.0",
          "System.IdentityModel.Tokens.Jwt": "6.10.0"
        }
      },
      "Microsoft.IdentityModel.Tokens": {
        "type": "Transitive",
        "resolved": "6.10.0",
        "contentHash": "qbf1NslutDB4oLrriYTJpy7oB1pbh2ej2lEHd2IPDQH9C74ysOdhU5wAC7KoXblldbo7YsNR2QYFOqQM/b0Rsg==",
        "dependencies": {
          "Microsoft.CSharp": "4.5.0",
          "Microsoft.IdentityModel.Logging": "6.10.0",
          "System.Security.Cryptography.Cng": "4.5.0"
        }
      },
      "Microsoft.NETCore.Platforms": {
        "type": "Transitive",
        "resolved": "5.0.0",
        "contentHash": "VyPlqzH2wavqquTcYpkIIAQ6WdenuKoFN0BdYBbCWsclXacSOHNQn66Gt4z5NBqEYW0FAPm5rlvki9ZiCij5xQ=="
      },
      "Microsoft.NETCore.Targets": {
        "type": "Transitive",
        "resolved": "1.1.0",
        "contentHash": "aOZA3BWfz9RXjpzt0sRJJMjAscAUm3Hoa4UWAfceV9UTYxgwZ1lZt5nO2myFf+/jetYQo4uTP7zS8sJY67BBxg=="
      },
      "Microsoft.Win32.SystemEvents": {
        "type": "Transitive",
        "resolved": "5.0.0",
        "contentHash": "Bh6blKG8VAKvXiLe2L+sEsn62nc1Ij34MrNxepD2OCrS5cpCwQa9MeLyhVQPQ/R4Wlzwuy6wMK8hLb11QPDRsQ==",
        "dependencies": {
          "Microsoft.NETCore.Platforms": "5.0.0"
        }
      },
      "System.IdentityModel.Tokens.Jwt": {
        "type": "Transitive",
        "resolved": "6.10.0",
        "contentHash": "C+Q5ORsFycRkRuvy/Xd0Pv5xVpmWSAvQYZAGs7VQogmkqlLhvfZXTgBIlHqC3cxkstSoLJAYx6xZB7foQ2y5eg==",
        "dependencies": {
          "Microsoft.IdentityModel.JsonWebTokens": "6.10.0",
          "Microsoft.IdentityModel.Tokens": "6.10.0"
        }
      },
      "System.Runtime": {
        "type": "Transitive",
        "resolved": "4.3.0",
        "contentHash": "JufQi0vPQ0xGnAczR13AUFglDyVYt4Kqnz1AZaiKZ5+GICq0/1MH/mO/eAJHt/mHW1zjKBJd7kV26SrxddAhiw==",
        "dependencies": {
          "Microsoft.NETCore.Platforms": "1.1.0",
          "Microsoft.NETCore.Targets": "1.1.0"
        }
      },
      "System.Security.Cryptography.Cng": {
        "type": "Transitive",
        "resolved": "4.5.0",
        "contentHash": "WG3r7EyjUe9CMPFSs6bty5doUqT+q9pbI80hlNzo2SkPkZ4VTuZkGWjpp77JB8+uaL4DFPRdBsAY+DX3dBK92A=="
      }
    }
  }
}